
Microsoft Visual Studio Solution File, Format Version 12.00
# Visual Studio Version 16
VisualStudioVersion = 16.0.30523.141
MinimumVisualStudioVersion = 10.0.40219.1
Project("{FAE04EC0-301F-11D3-BF4B-00C04F79EFBC}") = "AudioPlayer", "AudioPlayer\AudioPlayer.csproj", "{598E8870-446F-4D27-8099-D6F09551148F}"
EndProject
Global
	GlobalSection(SolutionConfigurationPlatforms) = preSolution
		Debug|Any CPU = Debug|Any CPU
		Release|Any CPU = Release|Any CPU
	EndGlobalSection
	GlobalSection(ProjectConfigurationPlatforms) = postSolution
		{598E8870-446F-4D27-8099-D6F09551148F}.Debug|Any CPU.ActiveCfg = Debug|Any CPU
		{598E8870-446F-4D27-8099-D6F09551148F}.Debug|Any CPU.Build.0 = Debug|Any CPU
		{598E8870-446F-4D27-8099-D6F09551148F}.Release|Any CPU.ActiveCfg = Release|Any CPU
		{598E8870-446F-4D27-8099-D6F09551148F}.Release|Any CPU.Build.0 = Release|Any CPU
	EndGlobalSection
	GlobalSection(SolutionProperties) = preSolution
		HideSolutionNode = FALSE
	EndGlobalSection
	GlobalSection(ExtensibilityGlobals) = postSolution
		SolutionGuid = {4BC7E47B-BEA6-4D43-8F70-1FBBCD3502EB}
	EndGlobalSection
EndGlobal
